
Microsoft Visual Studio Solution File, Format Version 12.00
# Visual Studio Version 17
VisualStudioVersion = 17.9.34728.123
MinimumVisualStudioVersion = 10.0.40219.1
Project("{FAE04EC0-301F-11D3-BF4B-00C04F79EFBC}") = "Percobaan 1 VS", "Percobaan 1 VS\Percobaan 1 VS.csproj", "{194FE93A-5090-443E-A2B5-AD4549376FEC}"
EndProject
Global
	GlobalSection(SolutionConfigurationPlatforms) = preSolution
		Debug|Any CPU = Debug|Any CPU
		Release|Any CPU = Release|Any CPU
	EndGlobalSection
	GlobalSection(ProjectConfigurationPlatforms) = postSolution
		{194FE93A-5090-443E-A2B5-AD4549376FEC}.Debug|Any CPU.ActiveCfg = Debug|Any CPU
		{194FE93A-5090-443E-A2B5-AD4549376FEC}.Debug|Any CPU.Build.0 = Debug|Any CPU
		{194FE93A-5090-443E-A2B5-AD4549376FEC}.Release|Any CPU.ActiveCfg = Release|Any CPU
		{194FE93A-5090-443E-A2B5-AD4549376FEC}.Release|Any CPU.Build.0 = Release|Any CPU
	EndGlobalSection
	GlobalSection(SolutionProperties) = preSolution
		HideSolutionNode = FALSE
	EndGlobalSection
	GlobalSection(ExtensibilityGlobals) = postSolution
		SolutionGuid = {EDD270CD-B8B4-4CDA-A61C-EAAFCC63895E}
	EndGlobalSection
EndGlobal
